// !$*UTF8*$!
{
	archiveVersion = 1;
	classes = {
	};
	objectVersion = 46;
	objects = {

/* Begin PBXBuildFile section */
		0F3BFEABF4D2F558C58EDE01 /* Stubs.m in Sources */ = {isa = PBXBuildFile; fileRef = 342563B0406BF5912666FCD8 /* Stubs.m */; };
		2B2D8FC1BB9E53B639DA8593 /* QuartzCore.framework in Frameworks */ = {isa = PBXBuildFile; fileRef = 64263BF68E68DB57A111915D /* QuartzCore.framework */; };
		7B3DD3C3E2B2C00F58401E19 /* CoreGraphics.framework in Frameworks */ = {isa = PBXBuildFile; fileRef = E3C19A52336FD3498C8209F4 /* CoreGraphics.framework */; };
		81225BECB9DBE9CCAA88B6C8 /* Foundation.framework in Frameworks */ = {isa = PBXBuildFile; fileRef = 532753E6B51F5E92B4733AC8 /* Foundation.framework */; };
		E14412135B39839793030722 /* CoreData.framework in Frameworks */ = {isa = PBXBuildFile; fileRef = 1829F80664D6E33CACB9B179 /* CoreData.framework */; };
/* End PBXBuildFile section */

/* Begin PBXFileReference section */
		1829F80664D6E33CACB9B179 /* CoreData.framework */ = {isa = PBXFileReference; lastKnownFileType = wrapper.framework; name = CoreData.framework; path = Platforms/iPhoneOS.platform/Developer/SDKs/iPhoneOS8.3.sdk/System/Library/Frameworks/CoreData.framework; sourceTree = DEVELOPER_DIR; };
		29D78E72F48AE169F9B35A13 /* libib.a */ = {isa = PBXFileReference; explicitFileType = archive.ar; includeInIndex = 0; path = libib.a; sourceTree = BUILT_PRODUCTS_DIR; };
		342563B0406BF5912666FCD8 /* Stubs.m */ = {isa = PBXFileReference; includeInIndex = 1; lastKnownFileType = sourcecode.c.objc; path = Stubs.m; sourceTree = "<group>"; };
		532753E6B51F5E92B4733AC8 /* Foundation.framework */ = {isa = PBXFileReference; lastKnownFileType = wrapper.framework; name = Foundation.framework; path = Platforms/iPhoneOS.platform/Developer/SDKs/iPhoneOS8.3.sdk/System/Library/Frameworks/Foundation.framework; sourceTree = DEVELOPER_DIR; };
		58E75FB79DA11A80CE41E7F9 /* Default-568h@2x.png */ = {isa = PBXFileReference; includeInIndex = 1; lastKnownFileType = image.png; path = "Default-568h@2x.png"; sourceTree = "<group>"; };
		64263BF68E68DB57A111915D /* QuartzCore.framework */ = {isa = PBXFileReference; lastKnownFileType = wrapper.framework; name = QuartzCore.framework; path = Platforms/iPhoneOS.platform/Developer/SDKs/iPhoneOS8.3.sdk/System/Library/Frameworks/QuartzCore.framework; sourceTree = DEVELOPER_DIR; };
		747A3C7ED8A5094346B1F7C1 /* Default-667h@2x.png */ = {isa = PBXFileReference; includeInIndex = 1; lastKnownFileType = image.png; path = "Default-667h@2x.png"; sourceTree = "<group>"; };
		975AC6DEE66CC1835C4A631F /* Storyboard.storyboard */ = {isa = PBXFileReference; includeInIndex = 1; lastKnownFileType = file.storyboard; path = Storyboard.storyboard; sourceTree = "<group>"; };
		CA9B96787394C2CB13E91C4C /* Default-736h@3x.png */ = {isa = PBXFileReference; includeInIndex = 1; lastKnownFileType = image.png; path = "Default-736h@3x.png"; sourceTree = "<group>"; };
		E3C19A52336FD3498C8209F4 /* CoreGraphics.framework */ = {isa = PBXFileReference; lastKnownFileType = wrapper.framework; name = CoreGraphics.framework; path = Platforms/iPhoneOS.platform/Developer/SDKs/iPhoneOS8.3.sdk/System/Library/Frameworks/CoreGraphics.framework; sourceTree = DEVELOPER_DIR; };
		EFCFCE028C856914049754CB /* Stubs.h */ = {isa = PBXFileReference; includeInIndex = 1; lastKnownFileType = sourcecode.c.h; path = Stubs.h; sourceTree = "<group>"; };
/* End PBXFileReference section */

/* Begin PBXFrameworksBuildPhase section */
		AA6594781A252CED852291EF /* Frameworks */ = {
			isa = PBXFrameworksBuildPhase;
			buildActionMask = 2147483647;
			files = (
				81225BECB9DBE9CCAA88B6C8 /* Foundation.framework in Frameworks */,
				2B2D8FC1BB9E53B639DA8593 /* QuartzCore.framework in Frameworks */,
				7B3DD3C3E2B2C00F58401E19 /* CoreGraphics.framework in Frameworks */,
				E14412135B39839793030722 /* CoreData.framework in Frameworks */,
			);
			runOnlyForDeploymentPostprocessing = 0;
		};
/* End PBXFrameworksBuildPhase section */

/* Begin PBXGroup section */
		0365A3C9C07E0C9FDB011FD0 /* Frameworks */ = {
			isa = PBXGroup;
			children = (
				4550468633BCD6A0E467D6B0 /* iOS */,
			);
			name = Frameworks;
			sourceTree = "<group>";
		};
		2C061076A71EEEA713CA3EA6 /* Resources */ = {
			isa = PBXGroup;
			children = (
				C97BDC5A030E5083A8D63847 /* resources */,
			);
			name = Resources;
			sourceTree = "<group>";
		};
		34FF9E5F937821ADF351CA76 = {
			isa = PBXGroup;
			children = (
				FE17B39C929C171BEAA75269 /* Products */,
				0365A3C9C07E0C9FDB011FD0 /* Frameworks */,
				B8A14E1154679A7A44E8A436 /* Supporting Files */,
				4DF369079D25AA1166C2B319 /* Pods */,
				2C061076A71EEEA713CA3EA6 /* Resources */,
			);
			sourceTree = "<group>";
		};
		4550468633BCD6A0E467D6B0 /* iOS */ = {
			isa = PBXGroup;
			children = (
				532753E6B51F5E92B4733AC8 /* Foundation.framework */,
				64263BF68E68DB57A111915D /* QuartzCore.framework */,
				E3C19A52336FD3498C8209F4 /* CoreGraphics.framework */,
				1829F80664D6E33CACB9B179 /* CoreData.framework */,
			);
			name = iOS;
			sourceTree = "<group>";
		};
		4DF369079D25AA1166C2B319 /* Pods */ = {
			isa = PBXGroup;
			children = (
			);
			name = Pods;
			path = /Users/knoxjeffrey/RubyMotion/OnlineTutorials/ClearStyle/vendor/Pods/Headers;
			sourceTree = "<group>";
		};
		B8A14E1154679A7A44E8A436 /* Supporting Files */ = {
			isa = PBXGroup;
			children = (
				EFCFCE028C856914049754CB /* Stubs.h */,
				342563B0406BF5912666FCD8 /* Stubs.m */,
			);
			name = "Supporting Files";
			path = /Users/knoxjeffrey/RubyMotion/OnlineTutorials/ClearStyle/ib.xcodeproj;
			sourceTree = "<group>";
		};
		C97BDC5A030E5083A8D63847 /* resources */ = {
			isa = PBXGroup;
			children = (
				58E75FB79DA11A80CE41E7F9 /* Default-568h@2x.png */,
				747A3C7ED8A5094346B1F7C1 /* Default-667h@2x.png */,
				CA9B96787394C2CB13E91C4C /* Default-736h@3x.png */,
				975AC6DEE66CC1835C4A631F /* Storyboard.storyboard */,
			);
			name = resources;
			path = ./resources;
			sourceTree = "<group>";
		};
		FE17B39C929C171BEAA75269 /* Products */ = {
			isa = PBXGroup;
			children = (
				29D78E72F48AE169F9B35A13 /* libib.a */,
			);
			name = Products;
			sourceTree = "<group>";
		};
/* End PBXGroup section */

/* Begin PBXNativeTarget section */
		B7DE522CD889DBF9887052AC /* ib */ = {
			isa = PBXNativeTarget;
			buildConfigurationList = 03F83D39DF37E7771681C00E /* Build configuration list for PBXNativeTarget "ib" */;
			buildPhases = (
				C51C6F06BE34C6CA03E232AC /* Sources */,
				AA6594781A252CED852291EF /* Frameworks */,
			);
			buildRules = (
			);
			dependencies = (
			);
			name = ib;
			productName = ib;
			productReference = 29D78E72F48AE169F9B35A13 /* libib.a */;
			productType = "com.apple.product-type.library.static";
		};
/* End PBXNativeTarget section */

/* Begin PBXProject section */
		04A5D2DC40C65DA1B7331838 /* Project object */ = {
			isa = PBXProject;
			attributes = {
				LastSwiftUpdateCheck = 0700;
				LastUpgradeCheck = 0700;
			};
			buildConfigurationList = 4F97789D4F0793C8B7521938 /* Build configuration list for PBXProject "ib" */;
			compatibilityVersion = "Xcode 3.2";
			developmentRegion = English;
			hasScannedForEncodings = 0;
			knownRegions = (
				en,
			);
			mainGroup = 34FF9E5F937821ADF351CA76;
			productRefGroup = FE17B39C929C171BEAA75269 /* Products */;
			projectDirPath = "";
			projectRoot = "";
			targets = (
				B7DE522CD889DBF9887052AC /* ib */,
			);
		};
/* End PBXProject section */

/* Begin PBXSourcesBuildPhase section */
		C51C6F06BE34C6CA03E232AC /* Sources */ = {
			isa = PBXSourcesBuildPhase;
			buildActionMask = 2147483647;
			files = (
				0F3BFEABF4D2F558C58EDE01 /* Stubs.m in Sources */,
			);
			runOnlyForDeploymentPostprocessing = 0;
		};
/* End PBXSourcesBuildPhase section */

/* Begin XCBuildConfiguration section */
		089ACED75C5281133A526014 /* Debug */ = {
			isa = XCBuildConfiguration;
			buildSettings = {
				ALWAYS_SEARCH_USER_PATHS = NO;
				CLANG_CXX_LANGUAGE_STANDARD = "gnu++0x";
				CLANG_CXX_LIBRARY = "libc++";
				CLANG_ENABLE_MODULES = YES;
				CLANG_ENABLE_OBJC_ARC = YES;
				CLANG_WARN_BOOL_CONVERSION = YES;
				CLANG_WARN_CONSTANT_CONVERSION = YES;
				CLANG_WARN_DIRECT_OBJC_ISA_USAGE = YES;
				CLANG_WARN_EMPTY_BODY = YES;
				CLANG_WARN_ENUM_CONVERSION = YES;
				CLANG_WARN_INT_CONVERSION = YES;
				CLANG_WARN_OBJC_ROOT_CLASS = YES;
				CLANG_WARN_UNREACHABLE_CODE = YES;
				CLANG_WARN__DUPLICATE_METHOD_MATCH = YES;
				COPY_PHASE_STRIP = NO;
				GCC_C_LANGUAGE_STANDARD = gnu99;
				GCC_DYNAMIC_NO_PIC = NO;
				GCC_OPTIMIZATION_LEVEL = 0;
				GCC_PREPROCESSOR_DEFINITIONS = (
					"DEBUG=1",
					"$(inherited)",
				);
				GCC_SYMBOLS_PRIVATE_EXTERN = NO;
				GCC_WARN_64_TO_32_BIT_CONVERSION = YES;
				GCC_WARN_ABOUT_RETURN_TYPE = YES;
				GCC_WARN_UNDECLARED_SELECTOR = YES;
				GCC_WARN_UNINITIALIZED_AUTOS = YES;
				GCC_WARN_UNUSED_FUNCTION = YES;
				GCC_WARN_UNUSED_VARIABLE = YES;
				ONLY_ACTIVE_ARCH = YES;
			};
			name = Debug;
		};
		6D25D41EC9ED1C562D6E76F6 /* Release */ = {
			isa = XCBuildConfiguration;
			buildSettings = {
				ALWAYS_SEARCH_USER_PATHS = NO;
				CLANG_CXX_LANGUAGE_STANDARD = "gnu++0x";
				CLANG_CXX_LIBRARY = "libc++";
				CLANG_ENABLE_MODULES = YES;
				CLANG_ENABLE_OBJC_ARC = YES;
				CLANG_WARN_BOOL_CONVERSION = YES;
				CLANG_WARN_CONSTANT_CONVERSION = YES;
				CLANG_WARN_DIRECT_OBJC_ISA_USAGE = YES;
				CLANG_WARN_EMPTY_BODY = YES;
				CLANG_WARN_ENUM_CONVERSION = YES;
				CLANG_WARN_INT_CONVERSION = YES;
				CLANG_WARN_OBJC_ROOT_CLASS = YES;
				CLANG_WARN_UNREACHABLE_CODE = YES;
				CLANG_WARN__DUPLICATE_METHOD_MATCH = YES;
				COPY_PHASE_STRIP = YES;
				ENABLE_NS_ASSERTIONS = NO;
				GCC_C_LANGUAGE_STANDARD = gnu99;
				GCC_WARN_64_TO_32_BIT_CONVERSION = YES;
				GCC_WARN_ABOUT_RETURN_TYPE = YES;
				GCC_WARN_UNDECLARED_SELECTOR = YES;
				GCC_WARN_UNINITIALIZED_AUTOS = YES;
				GCC_WARN_UNUSED_FUNCTION = YES;
				GCC_WARN_UNUSED_VARIABLE = YES;
				VALIDATE_PRODUCT = YES;
			};
			name = Release;
		};
		A3ED26D8221BE5BDD855D447 /* Debug */ = {
			isa = XCBuildConfiguration;
			buildSettings = {
				ENABLE_STRICT_OBJC_MSGSEND = YES;
				MTL_ENABLE_DEBUG_INFO = YES;
				OTHER_LDFLAGS = "-ObjC";
				PRODUCT_NAME = "$(TARGET_NAME)";
				SDKROOT = iphoneos;
				SKIP_INSTALL = YES;
			};
			name = Debug;
		};
		FA4EE0065043226BF932F9F8 /* Release */ = {
			isa = XCBuildConfiguration;
			buildSettings = {
				ENABLE_STRICT_OBJC_MSGSEND = YES;
				MTL_ENABLE_DEBUG_INFO = NO;
				OTHER_LDFLAGS = "-ObjC";
				PRODUCT_NAME = "$(TARGET_NAME)";
				SDKROOT = iphoneos;
				SKIP_INSTALL = YES;
			};
			name = Release;
		};
/* End XCBuildConfiguration section */

/* Begin XCConfigurationList section */
		03F83D39DF37E7771681C00E /* Build configuration list for PBXNativeTarget "ib" */ = {
			isa = XCConfigurationList;
			buildConfigurations = (
				FA4EE0065043226BF932F9F8 /* Release */,
				A3ED26D8221BE5BDD855D447 /* Debug */,
			);
			defaultConfigurationIsVisible = 0;
			defaultConfigurationName = Release;
		};
		4F97789D4F0793C8B7521938 /* Build configuration list for PBXProject "ib" */ = {
			isa = XCConfigurationList;
			buildConfigurations = (
				089ACED75C5281133A526014 /* Debug */,
				6D25D41EC9ED1C562D6E76F6 /* Release */,
			);
			defaultConfigurationIsVisible = 0;
			defaultConfigurationName = Release;
		};
/* End XCConfigurationList section */
	};
	rootObject = 04A5D2DC40C65DA1B7331838 /* Project object */;
}
